
Microsoft Visual Studio Solution File, Format Version 12.00
# Visual Studio Version 17
VisualStudioVersion = 17.6.33829.357
MinimumVisualStudioVersion = 10.0.40219.1
Project("{FAE04EC0-301F-11D3-BF4B-00C04F79EFBC}") = "WeatherApi", "WeatherApi\WeatherApi.csproj", "{034655B4-0ED0-4B2D-924B-F65C9CAA1B52}"
EndProject
Global
	GlobalSection(SolutionConfigurationPlatforms) = preSolution
		Debug|Any CPU = Debug|Any CPU
		Release|Any CPU = Release|Any CPU
	EndGlobalSection
	GlobalSection(ProjectConfigurationPlatforms) = postSolution
		{034655B4-0ED0-4B2D-924B-F65C9CAA1B52}.Debug|Any CPU.ActiveCfg = Debug|Any CPU
		{034655B4-0ED0-4B2D-924B-F65C9CAA1B52}.Debug|Any CPU.Build.0 = Debug|Any CPU
		{034655B4-0ED0-4B2D-924B-F65C9CAA1B52}.Release|Any CPU.ActiveCfg = Release|Any CPU
		{034655B4-0ED0-4B2D-924B-F65C9CAA1B52}.Release|Any CPU.Build.0 = Release|Any CPU
	EndGlobalSection
	GlobalSection(SolutionProperties) = preSolution
		HideSolutionNode = FALSE
	EndGlobalSection
	GlobalSection(ExtensibilityGlobals) = postSolution
		SolutionGuid = {7FFE4AAE-C50C-4D9D-ADE4-F6EE01FF3ACB}
	EndGlobalSection
EndGlobal
